
Microsoft Visual Studio Solution File, Format Version 12.00
# Visual Studio Version 17
VisualStudioVersion = 17.3.32901.215
MinimumVisualStudioVersion = 10.0.40219.1
Project("{FAE04EC0-301F-11D3-BF4B-00C04F79EFBC}") = "ukolBin1", "ukolBin1\ukolBin1.csproj", "{6464DBF9-C838-49E5-AE64-EB024653156E}"
EndProject
Global
	GlobalSection(SolutionConfigurationPlatforms) = preSolution
		Debug|Any CPU = Debug|Any CPU
		Release|Any CPU = Release|Any CPU
	EndGlobalSection
	GlobalSection(ProjectConfigurationPlatforms) = postSolution
		{6464DBF9-C838-49E5-AE64-EB024653156E}.Debug|Any CPU.ActiveCfg = Debug|Any CPU
		{6464DBF9-C838-49E5-AE64-EB024653156E}.Debug|Any CPU.Build.0 = Debug|Any CPU
		{6464DBF9-C838-49E5-AE64-EB024653156E}.Release|Any CPU.ActiveCfg = Release|Any CPU
		{6464DBF9-C838-49E5-AE64-EB024653156E}.Release|Any CPU.Build.0 = Release|Any CPU
	EndGlobalSection
	GlobalSection(SolutionProperties) = preSolution
		HideSolutionNode = FALSE
	EndGlobalSection
	GlobalSection(ExtensibilityGlobals) = postSolution
		SolutionGuid = {A4D07E32-6E4D-4C0D-9929-67F02122FD8E}
	EndGlobalSection
EndGlobal
